// !$*UTF8*$!
{
	archiveVersion = 1;
	classes = {
	};
	objectVersion = 50;
	objects = {

/* Begin PBXBuildFile section */
		20510FCD2131367800D6EAD7 /* AppDelegate.swift in Sources */ = {isa = PBXBuildFile; fileRef = 20510FCC2131367800D6EAD7 /* AppDelegate.swift */; };
		20510FCF2131367800D6EAD7 /* ViewController.swift in Sources */ = {isa = PBXBuildFile; fileRef = 20510FCE2131367800D6EAD7 /* ViewController.swift */; };
		20510FD22131367800D6EAD7 /* Main.storyboard in Resources */ = {isa = PBXBuildFile; fileRef = 20510FD02131367800D6EAD7 /* Main.storyboard */; };
		20510FD42131367A00D6EAD7 /* Assets.xcassets in Resources */ = {isa = PBXBuildFile; fileRef = 20510FD32131367A00D6EAD7 /* Assets.xcassets */; };
		20510FD72131367A00D6EAD7 /* LaunchScreen.storyboard in Resources */ = {isa = PBXBuildFile; fileRef = 20510FD52131367A00D6EAD7 /* LaunchScreen.storyboard */; };
		20510FE22131367A00D6EAD7 /* WeatherAppTests.swift in Sources */ = {isa = PBXBuildFile; fileRef = 20510FE12131367A00D6EAD7 /* WeatherAppTests.swift */; };
		20510FED2131367A00D6EAD7 /* WeatherAppUITests.swift in Sources */ = {isa = PBXBuildFile; fileRef = 20510FEC2131367A00D6EAD7 /* WeatherAppUITests.swift */; };
		20510FFB2131B70D00D6EAD7 /* Today.swift in Sources */ = {isa = PBXBuildFile; fileRef = 20510FFA2131B70D00D6EAD7 /* Today.swift */; };
/* End PBXBuildFile section */

/* Begin PBXContainerItemProxy section */
		20510FDE2131367A00D6EAD7 /* PBXContainerItemProxy */ = {
			isa = PBXContainerItemProxy;
			containerPortal = 20510FC12131367800D6EAD7 /* Project object */;
			proxyType = 1;
			remoteGlobalIDString = 20510FC82131367800D6EAD7;
			remoteInfo = WeatherApp;
		};
		20510FE92131367A00D6EAD7 /* PBXContainerItemProxy */ = {
			isa = PBXContainerItemProxy;
			containerPortal = 20510FC12131367800D6EAD7 /* Project object */;
			proxyType = 1;
			remoteGlobalIDString = 20510FC82131367800D6EAD7;
			remoteInfo = WeatherApp;
		};
/* End PBXContainerItemProxy section */

/* Begin PBXFileReference section */
		20510FC92131367800D6EAD7 /* WeatherApp.app */ = {isa = PBXFileReference; explicitFileType = wrapper.application; includeInIndex = 0; path = WeatherApp.app; sourceTree = BUILT_PRODUCTS_DIR; };
		20510FCC2131367800D6EAD7 /* AppDelegate.swift */ = {isa = PBXFileReference; lastKnownFileType = sourcecode.swift; path = AppDelegate.swift; sourceTree = "<group>"; };
		20510FCE2131367800D6EAD7 /* ViewController.swift */ = {isa = PBXFileReference; lastKnownFileType = sourcecode.swift; path = ViewController.swift; sourceTree = "<group>"; };
		20510FD12131367800D6EAD7 /* Base */ = {isa = PBXFileReference; lastKnownFileType = file.storyboard; name = Base; path = Base.lproj/Main.storyboard; sourceTree = "<group>"; };
		20510FD32131367A00D6EAD7 /* Assets.xcassets */ = {isa = PBXFileReference; lastKnownFileType = folder.assetcatalog; path = Assets.xcassets; sourceTree = "<group>"; };
		20510FD62131367A00D6EAD7 /* Base */ = {isa = PBXFileReference; lastKnownFileType = file.storyboard; name = Base; path = Base.lproj/LaunchScreen.storyboard; sourceTree = "<group>"; };
		20510FD82131367A00D6EAD7 /* Info.plist */ = {isa = PBXFileReference; lastKnownFileType = text.plist.xml; path = Info.plist; sourceTree = "<group>"; };
		20510FDD2131367A00D6EAD7 /* WeatherAppTests.xctest */ = {isa = PBXFileReference; explicitFileType = wrapper.cfbundle; includeInIndex = 0; path = WeatherAppTests.xctest; sourceTree = BUILT_PRODUCTS_DIR; };
		20510FE12131367A00D6EAD7 /* WeatherAppTests.swift */ = {isa = PBXFileReference; lastKnownFileType = sourcecode.swift; path = WeatherAppTests.swift; sourceTree = "<group>"; };
		20510FE32131367A00D6EAD7 /* Info.plist */ = {isa = PBXFileReference; lastKnownFileType = text.plist.xml; path = Info.plist; sourceTree = "<group>"; };
		20510FE82131367A00D6EAD7 /* WeatherAppUITests.xctest */ = {isa = PBXFileReference; explicitFileType = wrapper.cfbundle; includeInIndex = 0; path = WeatherAppUITests.xctest; sourceTree = BUILT_PRODUCTS_DIR; };
		20510FEC2131367A00D6EAD7 /* WeatherAppUITests.swift */ = {isa = PBXFileReference; lastKnownFileType = sourcecode.swift; path = WeatherAppUITests.swift; sourceTree = "<group>"; };
		20510FEE2131367A00D6EAD7 /* Info.plist */ = {isa = PBXFileReference; lastKnownFileType = text.plist.xml; path = Info.plist; sourceTree = "<group>"; };
		20510FFA2131B70D00D6EAD7 /* Today.swift */ = {isa = PBXFileReference; lastKnownFileType = sourcecode.swift; path = Today.swift; sourceTree = "<group>"; };
/* End PBXFileReference section */

/* Begin PBXFrameworksBuildPhase section */
		20510FC62131367800D6EAD7 /* Frameworks */ = {
			isa = PBXFrameworksBuildPhase;
			buildActionMask = 2147483647;
			files = (
			);
			runOnlyForDeploymentPostprocessing = 0;
		};
		20510FDA2131367A00D6EAD7 /* Frameworks */ = {
			isa = PBXFrameworksBuildPhase;
			buildActionMask = 2147483647;
			files = (
			);
			runOnlyForDeploymentPostprocessing = 0;
		};
		20510FE52131367A00D6EAD7 /* Frameworks */ = {
			isa = PBXFrameworksBuildPhase;
			buildActionMask = 2147483647;
			files = (
			);
			runOnlyForDeploymentPostprocessing = 0;
		};
/* End PBXFrameworksBuildPhase section */

/* Begin PBXGroup section */
		20510FC02131367800D6EAD7 = {
			isa = PBXGroup;
			children = (
				20510FCB2131367800D6EAD7 /* WeatherApp */,
				20510FE02131367A00D6EAD7 /* WeatherAppTests */,
				20510FEB2131367A00D6EAD7 /* WeatherAppUITests */,
				20510FCA2131367800D6EAD7 /* Products */,
			);
			sourceTree = "<group>";
		};
		20510FCA2131367800D6EAD7 /* Products */ = {
			isa = PBXGroup;
			children = (
				20510FC92131367800D6EAD7 /* WeatherApp.app */,
				20510FDD2131367A00D6EAD7 /* WeatherAppTests.xctest */,
				20510FE82131367A00D6EAD7 /* WeatherAppUITests.xctest */,
			);
			name = Products;
			sourceTree = "<group>";
		};
		20510FCB2131367800D6EAD7 /* WeatherApp */ = {
			isa = PBXGroup;
			children = (
				20510FCC2131367800D6EAD7 /* AppDelegate.swift */,
				20510FCE2131367800D6EAD7 /* ViewController.swift */,
				20510FFA2131B70D00D6EAD7 /* Today.swift */,
				20510FD02131367800D6EAD7 /* Main.storyboard */,
				20510FD32131367A00D6EAD7 /* Assets.xcassets */,
				20510FD52131367A00D6EAD7 /* LaunchScreen.storyboard */,
				20510FD82131367A00D6EAD7 /* Info.plist */,
			);
			path = WeatherApp;
			sourceTree = "<group>";
		};
		20510FE02131367A00D6EAD7 /* WeatherAppTests */ = {
			isa = PBXGroup;
			children = (
				20510FE12131367A00D6EAD7 /* WeatherAppTests.swift */,
				20510FE32131367A00D6EAD7 /* Info.plist */,
			);
			path = WeatherAppTests;
			sourceTree = "<group>";
		};
		20510FEB2131367A00D6EAD7 /* WeatherAppUITests */ = {
			isa = PBXGroup;
			children = (
				20510FEC2131367A00D6EAD7 /* WeatherAppUITests.swift */,
				20510FEE2131367A00D6EAD7 /* Info.plist */,
			);
			path = WeatherAppUITests;
			sourceTree = "<group>";
		};
/* End PBXGroup section */

/* Begin PBXNativeTarget section */
		20510FC82131367800D6EAD7 /* WeatherApp */ = {
			isa = PBXNativeTarget;
			buildConfigurationList = 20510FF12131367A00D6EAD7 /* Build configuration list for PBXNativeTarget "WeatherApp" */;
			buildPhases = (
				20510FC52131367800D6EAD7 /* Sources */,
				20510FC62131367800D6EAD7 /* Frameworks */,
				20510FC72131367800D6EAD7 /* Resources */,
			);
			buildRules = (
			);
			dependencies = (
			);
			name = WeatherApp;
			productName = WeatherApp;
			productReference = 20510FC92131367800D6EAD7 /* WeatherApp.app */;
			productType = "com.apple.product-type.application";
		};
		20510FDC2131367A00D6EAD7 /* WeatherAppTests */ = {
			isa = PBXNativeTarget;
			buildConfigurationList = 20510FF42131367A00D6EAD7 /* Build configuration list for PBXNativeTarget "WeatherAppTests" */;
			buildPhases = (
				20510FD92131367A00D6EAD7 /* Sources */,
				20510FDA2131367A00D6EAD7 /* Frameworks */,
				20510FDB2131367A00D6EAD7 /* Resources */,
			);
			buildRules = (
			);
			dependencies = (
				20510FDF2131367A00D6EAD7 /* PBXTargetDependency */,
			);
			name = WeatherAppTests;
			productName = WeatherAppTests;
			productReference = 20510FDD2131367A00D6EAD7 /* WeatherAppTests.xctest */;
			productType = "com.apple.product-type.bundle.unit-test";
		};
		20510FE72131367A00D6EAD7 /* WeatherAppUITests */ = {
			isa = PBXNativeTarget;
			buildConfigurationList = 20510FF72131367A00D6EAD7 /* Build configuration list for PBXNativeTarget "WeatherAppUITests" */;
			buildPhases = (
				20510FE42131367A00D6EAD7 /* Sources */,
				20510FE52131367A00D6EAD7 /* Frameworks */,
				20510FE62131367A00D6EAD7 /* Resources */,
			);
			buildRules = (
			);
			dependencies = (
				20510FEA2131367A00D6EAD7 /* PBXTargetDependency */,
			);
			name = WeatherAppUITests;
			productName = WeatherAppUITests;
			productReference = 20510FE82131367A00D6EAD7 /* WeatherAppUITests.xctest */;
			productType = "com.apple.product-type.bundle.ui-testing";
		};
/* End PBXNativeTarget section */

/* Begin PBXProject section */
		20510FC12131367800D6EAD7 /* Project object */ = {
			isa = PBXProject;
			attributes = {
				LastSwiftUpdateCheck = 0940;
				LastUpgradeCheck = 0940;
				ORGANIZATIONNAME = "Milos Stevanovic";
				TargetAttributes = {
					20510FC82131367800D6EAD7 = {
						CreatedOnToolsVersion = 9.4.1;
					};
					20510FDC2131367A00D6EAD7 = {
						CreatedOnToolsVersion = 9.4.1;
						TestTargetID = 20510FC82131367800D6EAD7;
					};
					20510FE72131367A00D6EAD7 = {
						CreatedOnToolsVersion = 9.4.1;
						TestTargetID = 20510FC82131367800D6EAD7;
					};
				};
			};
			buildConfigurationList = 20510FC42131367800D6EAD7 /* Build configuration list for PBXProject "WeatherApp" */;
			compatibilityVersion = "Xcode 9.3";
			developmentRegion = en;
			hasScannedForEncodings = 0;
			knownRegions = (
				en,
				Base,
			);
			mainGroup = 20510FC02131367800D6EAD7;
			productRefGroup = 20510FCA2131367800D6EAD7 /* Products */;
			projectDirPath = "";
			projectRoot = "";
			targets = (
				20510FC82131367800D6EAD7 /* WeatherApp */,
				20510FDC2131367A00D6EAD7 /* WeatherAppTests */,
				20510FE72131367A00D6EAD7 /* WeatherAppUITests */,
			);
		};
/* End PBXProject section */

/* Begin PBXResourcesBuildPhase section */
		20510FC72131367800D6EAD7 /* Resources */ = {
			isa = PBXResourcesBuildPhase;
			buildActionMask = 2147483647;
			files = (
				20510FD72131367A00D6EAD7 /* LaunchScreen.storyboard in Resources */,
				20510FD42131367A00D6EAD7 /* Assets.xcassets in Resources */,
				20510FD22131367800D6EAD7 /* Main.storyboard in Resources */,
			);
			runOnlyForDeploymentPostprocessing = 0;
		};
		20510FDB2131367A00D6EAD7 /* Resources */ = {
			isa = PBXResourcesBuildPhase;
			buildActionMask = 2147483647;
			files = (
			);
			runOnlyForDeploymentPostprocessing = 0;
		};
		20510FE62131367A00D6EAD7 /* Resources */ = {
			isa = PBXResourcesBuildPhase;
			buildActionMask = 2147483647;
			files = (
			);
			runOnlyForDeploymentPostprocessing = 0;
		};
/* End PBXResourcesBuildPhase section */

/* Begin PBXSourcesBuildPhase section */
		20510FC52131367800D6EAD7 /* Sources */ = {
			isa = PBXSourcesBuildPhase;
			buildActionMask = 2147483647;
			files = (
				20510FCF2131367800D6EAD7 /* ViewController.swift in Sources */,
				20510FFB2131B70D00D6EAD7 /* Today.swift in Sources */,
				20510FCD2131367800D6EAD7 /* AppDelegate.swift in Sources */,
			);
			runOnlyForDeploymentPostprocessing = 0;
		};
		20510FD92131367A00D6EAD7 /* Sources */ = {
			isa = PBXSourcesBuildPhase;
			buildActionMask = 2147483647;
			files = (
				20510FE22131367A00D6EAD7 /* WeatherAppTests.swift in Sources */,
			);
			runOnlyForDeploymentPostprocessing = 0;
		};
		20510FE42131367A00D6EAD7 /* Sources */ = {
			isa = PBXSourcesBuildPhase;
			buildActionMask = 2147483647;
			files = (
				20510FED2131367A00D6EAD7 /* WeatherAppUITests.swift in Sources */,
			);
			runOnlyForDeploymentPostprocessing = 0;
		};
/* End PBXSourcesBuildPhase section */

/* Begin PBXTargetDependency section */
		20510FDF2131367A00D6EAD7 /* PBXTargetDependency */ = {
			isa = PBXTargetDependency;
			target = 20510FC82131367800D6EAD7 /* WeatherApp */;
			targetProxy = 20510FDE2131367A00D6EAD7 /* PBXContainerItemProxy */;
		};
		20510FEA2131367A00D6EAD7 /* PBXTargetDependency */ = {
			isa = PBXTargetDependency;
			target = 20510FC82131367800D6EAD7 /* WeatherApp */;
			targetProxy = 20510FE92131367A00D6EAD7 /* PBXContainerItemProxy */;
		};
/* End PBXTargetDependency section */

/* Begin PBXVariantGroup section */
		20510FD02131367800D6EAD7 /* Main.storyboard */ = {
			isa = PBXVariantGroup;
			children = (
				20510FD12131367800D6EAD7 /* Base */,
			);
			name = Main.storyboard;
			sourceTree = "<group>";
		};
		20510FD52131367A00D6EAD7 /* LaunchScreen.storyboard */ = {
			isa = PBXVariantGroup;
			children = (
				20510FD62131367A00D6EAD7 /* Base */,
			);
			name = LaunchScreen.storyboard;
			sourceTree = "<group>";
		};
/* End PBXVariantGroup section */

/* Begin XCBuildConfiguration section */
		20510FEF2131367A00D6EAD7 /* Debug */ = {
			isa = XCBuildConfiguration;
			buildSettings = {
				ALWAYS_SEARCH_USER_PATHS = NO;
				CLANG_ANALYZER_NONNULL = YES;
				CLANG_ANALYZER_NUMBER_OBJECT_CONVERSION = YES_AGGRESSIVE;
				CLANG_CXX_LANGUAGE_STANDARD = "gnu++14";
				CLANG_CXX_LIBRARY = "libc++";
				CLANG_ENABLE_MODULES = YES;
				CLANG_ENABLE_OBJC_ARC = YES;
				CLANG_ENABLE_OBJC_WEAK = YES;
				CLANG_WARN_BLOCK_CAPTURE_AUTORELEASING = YES;
				CLANG_WARN_BOOL_CONVERSION = YES;
				CLANG_WARN_COMMA = YES;
				CLANG_WARN_CONSTANT_CONVERSION = YES;
				CLANG_WARN_DEPRECATED_OBJC_IMPLEMENTATIONS = YES;
				CLANG_WARN_DIRECT_OBJC_ISA_USAGE = YES_ERROR;
				CLANG_WARN_DOCUMENTATION_COMMENTS = YES;
				CLANG_WARN_EMPTY_BODY = YES;
				CLANG_WARN_ENUM_CONVERSION = YES;
				CLANG_WARN_INFINITE_RECURSION = YES;
				CLANG_WARN_INT_CONVERSION = YES;
				CLANG_WARN_NON_LITERAL_NULL_CONVERSION = YES;
				CLANG_WARN_OBJC_IMPLICIT_RETAIN_SELF = YES;
				CLANG_WARN_OBJC_LITERAL_CONVERSION = YES;
				CLANG_WARN_OBJC_ROOT_CLASS = YES_ERROR;
				CLANG_WARN_RANGE_LOOP_ANALYSIS = YES;
				CLANG_WARN_STRICT_PROTOTYPES = YES;
				CLANG_WARN_SUSPICIOUS_MOVE = YES;
				CLANG_WARN_UNGUARDED_AVAILABILITY = YES_AGGRESSIVE;
				CLANG_WARN_UNREACHABLE_CODE = YES;
				CLANG_WARN__DUPLICATE_METHOD_MATCH = YES;
				CODE_SIGN_IDENTITY = "iPhone Developer";
				COPY_PHASE_STRIP = NO;
				DEBUG_INFORMATION_FORMAT = dwarf;
				ENABLE_STRICT_OBJC_MSGSEND = YES;
				ENABLE_TESTABILITY = YES;
				GCC_C_LANGUAGE_STANDARD = gnu11;
				GCC_DYNAMIC_NO_PIC = NO;
				GCC_NO_COMMON_BLOCKS = YES;
				GCC_OPTIMIZATION_LEVEL = 0;
				GCC_PREPROCESSOR_DEFINITIONS = (
					"DEBUG=1",
					"$(inherited)",
				);
				GCC_WARN_64_TO_32_BIT_CONVERSION = YES;
				GCC_WARN_ABOUT_RETURN_TYPE = YES_ERROR;
				GCC_WARN_UNDECLARED_SELECTOR = YES;
				GCC_WARN_UNINITIALIZED_AUTOS = YES_AGGRESSIVE;
				GCC_WARN_UNUSED_FUNCTION = YES;
				GCC_WARN_UNUSED_VARIABLE = YES;
				IPHONEOS_DEPLOYMENT_TARGET = 11.4;
				MTL_ENABLE_DEBUG_INFO = YES;
				ONLY_ACTIVE_ARCH = YES;
				SDKROOT = iphoneos;
				SWIFT_ACTIVE_COMPILATION_CONDITIONS = DEBUG;
				SWIFT_OPTIMIZATION_LEVEL = "-Onone";
			};
			name = Debug;
		};
		20510FF02131367A00D6EAD7 /* Release */ = {
			isa = XCBuildConfiguration;
			buildSettings = {
				ALWAYS_SEARCH_USER_PATHS = NO;
				CLANG_ANALYZER_NONNULL = YES;
				CLANG_ANALYZER_NUMBER_OBJECT_CONVERSION = YES_AGGRESSIVE;
				CLANG_CXX_LANGUAGE_STANDARD = "gnu++14";
				CLANG_CXX_LIBRARY = "libc++";
				CLANG_ENABLE_MODULES = YES;
				CLANG_ENABLE_OBJC_ARC = YES;
				CLANG_ENABLE_OBJC_WEAK = YES;
				CLANG_WARN_BLOCK_CAPTURE_AUTORELEASING = YES;
				CLANG_WARN_BOOL_CONVERSION = YES;
				CLANG_WARN_COMMA = YES;
				CLANG_WARN_CONSTANT_CONVERSION = YES;
				CLANG_WARN_DEPRECATED_OBJC_IMPLEMENTATIONS = YES;
				CLANG_WARN_DIRECT_OBJC_ISA_USAGE = YES_ERROR;
				CLANG_WARN_DOCUMENTATION_COMMENTS = YES;
				CLANG_WARN_EMPTY_BODY = YES;
				CLANG_WARN_ENUM_CONVERSION = YES;
				CLANG_WARN_INFINITE_RECURSION = YES;
				CLANG_WARN_INT_CONVERSION = YES;
				CLANG_WARN_NON_LITERAL_NULL_CONVERSION = YES;
				CLANG_WARN_OBJC_IMPLICIT_RETAIN_SELF = YES;
				CLANG_WARN_OBJC_LITERAL_CONVERSION = YES;
				CLANG_WARN_OBJC_ROOT_CLASS = YES_ERROR;
				CLANG_WARN_RANGE_LOOP_ANALYSIS = YES;
				CLANG_WARN_STRICT_PROTOTYPES = YES;
				CLANG_WARN_SUSPICIOUS_MOVE = YES;
				CLANG_WARN_UNGUARDED_AVAILABILITY = YES_AGGRESSIVE;
				CLANG_WARN_UNREACHABLE_CODE = YES;
				CLANG_WARN__DUPLICATE_METHOD_MATCH = YES;
				CODE_SIGN_IDENTITY = "iPhone Developer";
				COPY_PHASE_STRIP = NO;
				DEBUG_INFORMATION_FORMAT = "dwarf-with-dsym";
				ENABLE_NS_ASSERTIONS = NO;
				ENABLE_STRICT_OBJC_MSGSEND = YES;
				GCC_C_LANGUAGE_STANDARD = gnu11;
				GCC_NO_COMMON_BLOCKS = YES;
				GCC_WARN_64_TO_32_BIT_CONVERSION = YES;
				GCC_WARN_ABOUT_RETURN_TYPE = YES_ERROR;
				GCC_WARN_UNDECLARED_SELECTOR = YES;
				GCC_WARN_UNINITIALIZED_AUTOS = YES_AGGRESSIVE;
				GCC_WARN_UNUSED_FUNCTION = YES;
				GCC_WARN_UNUSED_VARIABLE = YES;
				IPHONEOS_DEPLOYMENT_TARGET = 11.4;
				MTL_ENABLE_DEBUG_INFO = NO;
				SDKROOT = iphoneos;
				SWIFT_COMPILATION_MODE = wholemodule;
				SWIFT_OPTIMIZATION_LEVEL = "-O";
				VALIDATE_PRODUCT = YES;
			};
			name = Release;
		};
		20510FF22131367A00D6EAD7 /* Debug */ = {
			isa = XCBuildConfiguration;
			buildSettings = {
				ASSETCATALOG_COMPILER_APPICON_NAME = AppIcon;
				CODE_SIGN_STYLE = Automatic;
				INFOPLIST_FILE = WeatherApp/Info.plist;
				LD_RUNPATH_SEARCH_PATHS = (
					"$(inherited)",
					"@executable_path/Frameworks",
				);
				PRODUCT_BUNDLE_IDENTIFIER = milos.test.WeatherApp;
				PRODUCT_NAME = "$(TARGET_NAME)";
				SWIFT_VERSION = 4.0;
				TARGETED_DEVICE_FAMILY = "1,2";
			};
			name = Debug;
		};
		20510FF32131367A00D6EAD7 /* Release */ = {
			isa = XCBuildConfiguration;
			buildSettings = {
				ASSETCATALOG_COMPILER_APPICON_NAME = AppIcon;
				CODE_SIGN_STYLE = Automatic;
				INFOPLIST_FILE = WeatherApp/Info.plist;
				LD_RUNPATH_SEARCH_PATHS = (
					"$(inherited)",
					"@executable_path/Frameworks",
				);
				PRODUCT_BUNDLE_IDENTIFIER = milos.test.WeatherApp;
				PRODUCT_NAME = "$(TARGET_NAME)";
				SWIFT_VERSION = 4.0;
				TARGETED_DEVICE_FAMILY = "1,2";
			};
			name = Release;
		};
		20510FF52131367A00D6EAD7 /* Debug */ = {
			isa = XCBuildConfiguration;
			buildSettings = {
				ALWAYS_EMBED_SWIFT_STANDARD_LIBRARIES = YES;
				BUNDLE_LOADER = "$(TEST_HOST)";
				CODE_SIGN_STYLE = Automatic;
				INFOPLIST_FILE = WeatherAppTests/Info.plist;
				LD_RUNPATH_SEARCH_PATHS = (
					"$(inherited)",
					"@executable_path/Frameworks",
					"@loader_path/Frameworks",
				);
				PRODUCT_BUNDLE_IDENTIFIER = milos.test.WeatherAppTests;
				PRODUCT_NAME = "$(TARGET_NAME)";
				SWIFT_VERSION = 4.0;
				TARGETED_DEVICE_FAMILY = "1,2";
				TEST_HOST = "$(BUILT_PRODUCTS_DIR)/WeatherApp.app/WeatherApp";
			};
			name = Debug;
		};
		20510FF62131367A00D6EAD7 /* Release */ = {
			isa = XCBuildConfiguration;
			buildSettings = {
				ALWAYS_EMBED_SWIFT_STANDARD_LIBRARIES = YES;
				BUNDLE_LOADER = "$(TEST_HOST)";
				CODE_SIGN_STYLE = Automatic;
				INFOPLIST_FILE = WeatherAppTests/Info.plist;
				LD_RUNPATH_SEARCH_PATHS = (
					"$(inherited)",
					"@executable_path/Frameworks",
					"@loader_path/Frameworks",
				);
				PRODUCT_BUNDLE_IDENTIFIER = milos.test.WeatherAppTests;
				PRODUCT_NAME = "$(TARGET_NAME)";
				SWIFT_VERSION = 4.0;
				TARGETED_DEVICE_FAMILY = "1,2";
				TEST_HOST = "$(BUILT_PRODUCTS_DIR)/WeatherApp.app/WeatherApp";
			};
			name = Release;
		};
		20510FF82131367A00D6EAD7 /* Debug */ = {
			isa = XCBuildConfiguration;
			buildSettings = {
				ALWAYS_EMBED_SWIFT_STANDARD_LIBRARIES = YES;
				CODE_SIGN_STYLE = Automatic;
				INFOPLIST_FILE = WeatherAppUITests/Info.plist;
				LD_RUNPATH_SEARCH_PATHS = (
					"$(inherited)",
					"@executable_path/Frameworks",
					"@loader_path/Frameworks",
				);
				PRODUCT_BUNDLE_IDENTIFIER = milos.test.WeatherAppUITests;
				PRODUCT_NAME = "$(TARGET_NAME)";
				SWIFT_VERSION = 4.0;
				TARGETED_DEVICE_FAMILY = "1,2";
				TEST_TARGET_NAME = WeatherApp;
			};
			name = Debug;
		};
		20510FF92131367A00D6EAD7 /* Release */ = {
			isa = XCBuildConfiguration;
			buildSettings = {
				ALWAYS_EMBED_SWIFT_STANDARD_LIBRARIES = YES;
				CODE_SIGN_STYLE = Automatic;
				INFOPLIST_FILE = WeatherAppUITests/Info.plist;
				LD_RUNPATH_SEARCH_PATHS = (
					"$(inherited)",
					"@executable_path/Frameworks",
					"@loader_path/Frameworks",
				);
				PRODUCT_BUNDLE_IDENTIFIER = milos.test.WeatherAppUITests;
				PRODUCT_NAME = "$(TARGET_NAME)";
				SWIFT_VERSION = 4.0;
				TARGETED_DEVICE_FAMILY = "1,2";
				TEST_TARGET_NAME = WeatherApp;
			};
			name = Release;
		};
/* End XCBuildConfiguration section */

/* Begin XCConfigurationList section */
		20510FC42131367800D6EAD7 /* Build configuration list for PBXProject "WeatherApp" */ = {
			isa = XCConfigurationList;
			buildConfigurations = (
				20510FEF2131367A00D6EAD7 /* Debug */,
				20510FF02131367A00D6EAD7 /* Release */,
			);
			defaultConfigurationIsVisible = 0;
			defaultConfigurationName = Release;
		};
		20510FF12131367A00D6EAD7 /* Build configuration list for PBXNativeTarget "WeatherApp" */ = {
			isa = XCConfigurationList;
			buildConfigurations = (
				20510FF22131367A00D6EAD7 /* Debug */,
				20510FF32131367A00D6EAD7 /* Release */,
			);
			defaultConfigurationIsVisible = 0;
			defaultConfigurationName = Release;
		};
		20510FF42131367A00D6EAD7 /* Build configuration list for PBXNativeTarget "WeatherAppTests" */ = {
			isa = XCConfigurationList;
			buildConfigurations = (
				20510FF52131367A00D6EAD7 /* Debug */,
				20510FF62131367A00D6EAD7 /* Release */,
			);
			defaultConfigurationIsVisible = 0;
			defaultConfigurationName = Release;
		};
		20510FF72131367A00D6EAD7 /* Build configuration list for PBXNativeTarget "WeatherAppUITests" */ = {
			isa = XCConfigurationList;
			buildConfigurations = (
				20510FF82131367A00D6EAD7 /* Debug */,
				20510FF92131367A00D6EAD7 /* Release */,
			);
			defaultConfigurationIsVisible = 0;
			defaultConfigurationName = Release;
		};
/* End XCConfigurationList section */
	};
	rootObject = 20510FC12131367800D6EAD7 /* Project object */;
}
